// !$*UTF8*$!
{
	archiveVersion = 1;
	classes = {
	};
	objectVersion = 50;
	objects = {

/* Begin PBXBuildFile section */
		063AB8912126274700A6568D /* AppDelegate.m in Sources */ = {isa = PBXBuildFile; fileRef = 063AB8902126274700A6568D /* AppDelegate.m */; };
		063AB8942126274700A6568D /* ViewController.m in Sources */ = {isa = PBXBuildFile; fileRef = 063AB8932126274700A6568D /* ViewController.m */; };
		063AB8972126274700A6568D /* Main.storyboard in Resources */ = {isa = PBXBuildFile; fileRef = 063AB8952126274700A6568D /* Main.storyboard */; };
		063AB8992126274700A6568D /* Assets.xcassets in Resources */ = {isa = PBXBuildFile; fileRef = 063AB8982126274700A6568D /* Assets.xcassets */; };
		063AB89C2126274700A6568D /* LaunchScreen.storyboard in Resources */ = {isa = PBXBuildFile; fileRef = 063AB89A2126274700A6568D /* LaunchScreen.storyboard */; };
		063AB89F2126274700A6568D /* main.m in Sources */ = {isa = PBXBuildFile; fileRef = 063AB89E2126274700A6568D /* main.m */; };
		063AB8A92126274700A6568D /* CatsTests.m in Sources */ = {isa = PBXBuildFile; fileRef = 063AB8A82126274700A6568D /* CatsTests.m */; };
		063AB8B42126274700A6568D /* CatsUITests.m in Sources */ = {isa = PBXBuildFile; fileRef = 063AB8B32126274700A6568D /* CatsUITests.m */; };
		063AB8C32126282100A6568D /* CollectionViewCell.m in Sources */ = {isa = PBXBuildFile; fileRef = 063AB8C22126282100A6568D /* CollectionViewCell.m */; };
		063AB8C62126289B00A6568D /* Photo.m in Sources */ = {isa = PBXBuildFile; fileRef = 063AB8C52126289B00A6568D /* Photo.m */; };
		063AB8CC21262DC900A6568D /* NetworkManager.m in Sources */ = {isa = PBXBuildFile; fileRef = 063AB8CB21262DC900A6568D /* NetworkManager.m */; };
/* End PBXBuildFile section */

/* Begin PBXContainerItemProxy section */
		063AB8A52126274700A6568D /* PBXContainerItemProxy */ = {
			isa = PBXContainerItemProxy;
			containerPortal = 063AB8842126274700A6568D /* Project object */;
			proxyType = 1;
			remoteGlobalIDString = 063AB88B2126274700A6568D;
			remoteInfo = Cats;
		};
		063AB8B02126274700A6568D /* PBXContainerItemProxy */ = {
			isa = PBXContainerItemProxy;
			containerPortal = 063AB8842126274700A6568D /* Project object */;
			proxyType = 1;
			remoteGlobalIDString = 063AB88B2126274700A6568D;
			remoteInfo = Cats;
		};
/* End PBXContainerItemProxy section */

/* Begin PBXFileReference section */
		063AB88C2126274700A6568D /* Cats.app */ = {isa = PBXFileReference; explicitFileType = wrapper.application; includeInIndex = 0; path = Cats.app; sourceTree = BUILT_PRODUCTS_DIR; };
		063AB88F2126274700A6568D /* AppDelegate.h */ = {isa = PBXFileReference; lastKnownFileType = sourcecode.c.h; path = AppDelegate.h; sourceTree = "<group>"; };
		063AB8902126274700A6568D /* AppDelegate.m */ = {isa = PBXFileReference; lastKnownFileType = sourcecode.c.objc; path = AppDelegate.m; sourceTree = "<group>"; };
		063AB8922126274700A6568D /* ViewController.h */ = {isa = PBXFileReference; lastKnownFileType = sourcecode.c.h; path = ViewController.h; sourceTree = "<group>"; };
		063AB8932126274700A6568D /* ViewController.m */ = {isa = PBXFileReference; lastKnownFileType = sourcecode.c.objc; path = ViewController.m; sourceTree = "<group>"; };
		063AB8962126274700A6568D /* Base */ = {isa = PBXFileReference; lastKnownFileType = file.storyboard; name = Base; path = Base.lproj/Main.storyboard; sourceTree = "<group>"; };
		063AB8982126274700A6568D /* Assets.xcassets */ = {isa = PBXFileReference; lastKnownFileType = folder.assetcatalog; path = Assets.xcassets; sourceTree = "<group>"; };
		063AB89B2126274700A6568D /* Base */ = {isa = PBXFileReference; lastKnownFileType = file.storyboard; name = Base; path = Base.lproj/LaunchScreen.storyboard; sourceTree = "<group>"; };
		063AB89D2126274700A6568D /* Info.plist */ = {isa = PBXFileReference; lastKnownFileType = text.plist.xml; path = Info.plist; sourceTree = "<group>"; };
		063AB89E2126274700A6568D /* main.m */ = {isa = PBXFileReference; lastKnownFileType = sourcecode.c.objc; path = main.m; sourceTree = "<group>"; };
		063AB8A42126274700A6568D /* CatsTests.xctest */ = {isa = PBXFileReference; explicitFileType = wrapper.cfbundle; includeInIndex = 0; path = CatsTests.xctest; sourceTree = BUILT_PRODUCTS_DIR; };
		063AB8A82126274700A6568D /* CatsTests.m */ = {isa = PBXFileReference; lastKnownFileType = sourcecode.c.objc; path = CatsTests.m; sourceTree = "<group>"; };
		063AB8AA2126274700A6568D /* Info.plist */ = {isa = PBXFileReference; lastKnownFileType = text.plist.xml; path = Info.plist; sourceTree = "<group>"; };
		063AB8AF2126274700A6568D /* CatsUITests.xctest */ = {isa = PBXFileReference; explicitFileType = wrapper.cfbundle; includeInIndex = 0; path = CatsUITests.xctest; sourceTree = BUILT_PRODUCTS_DIR; };
		063AB8B32126274700A6568D /* CatsUITests.m */ = {isa = PBXFileReference; lastKnownFileType = sourcecode.c.objc; path = CatsUITests.m; sourceTree = "<group>"; };
		063AB8B52126274700A6568D /* Info.plist */ = {isa = PBXFileReference; lastKnownFileType = text.plist.xml; path = Info.plist; sourceTree = "<group>"; };
		063AB8C12126282100A6568D /* CollectionViewCell.h */ = {isa = PBXFileReference; lastKnownFileType = sourcecode.c.h; path = CollectionViewCell.h; sourceTree = "<group>"; };
		063AB8C22126282100A6568D /* CollectionViewCell.m */ = {isa = PBXFileReference; lastKnownFileType = sourcecode.c.objc; path = CollectionViewCell.m; sourceTree = "<group>"; };
		063AB8C42126289B00A6568D /* Photo.h */ = {isa = PBXFileReference; lastKnownFileType = sourcecode.c.h; path = Photo.h; sourceTree = "<group>"; };
		063AB8C52126289B00A6568D /* Photo.m */ = {isa = PBXFileReference; lastKnownFileType = sourcecode.c.objc; path = Photo.m; sourceTree = "<group>"; };
		063AB8CA21262DC900A6568D /* NetworkManager.h */ = {isa = PBXFileReference; lastKnownFileType = sourcecode.c.h; path = NetworkManager.h; sourceTree = "<group>"; };
		063AB8CB21262DC900A6568D /* NetworkManager.m */ = {isa = PBXFileReference; lastKnownFileType = sourcecode.c.objc; path = NetworkManager.m; sourceTree = "<group>"; };
/* End PBXFileReference section */

/* Begin PBXFrameworksBuildPhase section */
		063AB8892126274700A6568D /* Frameworks */ = {
			isa = PBXFrameworksBuildPhase;
			buildActionMask = 2147483647;
			files = (
			);
			runOnlyForDeploymentPostprocessing = 0;
		};
		063AB8A12126274700A6568D /* Frameworks */ = {
			isa = PBXFrameworksBuildPhase;
			buildActionMask = 2147483647;
			files = (
			);
			runOnlyForDeploymentPostprocessing = 0;
		};
		063AB8AC2126274700A6568D /* Frameworks */ = {
			isa = PBXFrameworksBuildPhase;
			buildActionMask = 2147483647;
			files = (
			);
			runOnlyForDeploymentPostprocessing = 0;
		};
/* End PBXFrameworksBuildPhase section */

/* Begin PBXGroup section */
		063AB8832126274700A6568D = {
			isa = PBXGroup;
			children = (
				063AB88E2126274700A6568D /* Cats */,
				063AB8A72126274700A6568D /* CatsTests */,
				063AB8B22126274700A6568D /* CatsUITests */,
				063AB88D2126274700A6568D /* Products */,
			);
			sourceTree = "<group>";
		};
		063AB88D2126274700A6568D /* Products */ = {
			isa = PBXGroup;
			children = (
				063AB88C2126274700A6568D /* Cats.app */,
				063AB8A42126274700A6568D /* CatsTests.xctest */,
				063AB8AF2126274700A6568D /* CatsUITests.xctest */,
			);
			name = Products;
			sourceTree = "<group>";
		};
		063AB88E2126274700A6568D /* Cats */ = {
			isa = PBXGroup;
			children = (
				063AB88F2126274700A6568D /* AppDelegate.h */,
				063AB8902126274700A6568D /* AppDelegate.m */,
				063AB8CA21262DC900A6568D /* NetworkManager.h */,
				063AB8CB21262DC900A6568D /* NetworkManager.m */,
				063AB8C42126289B00A6568D /* Photo.h */,
				063AB8C52126289B00A6568D /* Photo.m */,
				063AB8922126274700A6568D /* ViewController.h */,
				063AB8932126274700A6568D /* ViewController.m */,
				063AB8C12126282100A6568D /* CollectionViewCell.h */,
				063AB8C22126282100A6568D /* CollectionViewCell.m */,
				063AB8952126274700A6568D /* Main.storyboard */,
				063AB8982126274700A6568D /* Assets.xcassets */,
				063AB89A2126274700A6568D /* LaunchScreen.storyboard */,
				063AB89D2126274700A6568D /* Info.plist */,
				063AB89E2126274700A6568D /* main.m */,
			);
			path = Cats;
			sourceTree = "<group>";
		};
		063AB8A72126274700A6568D /* CatsTests */ = {
			isa = PBXGroup;
			children = (
				063AB8A82126274700A6568D /* CatsTests.m */,
				063AB8AA2126274700A6568D /* Info.plist */,
			);
			path = CatsTests;
			sourceTree = "<group>";
		};
		063AB8B22126274700A6568D /* CatsUITests */ = {
			isa = PBXGroup;
			children = (
				063AB8B32126274700A6568D /* CatsUITests.m */,
				063AB8B52126274700A6568D /* Info.plist */,
			);
			path = CatsUITests;
			sourceTree = "<group>";
		};
/* End PBXGroup section */

/* Begin PBXNativeTarget section */
		063AB88B2126274700A6568D /* Cats */ = {
			isa = PBXNativeTarget;
			buildConfigurationList = 063AB8B82126274700A6568D /* Build configuration list for PBXNativeTarget "Cats" */;
			buildPhases = (
				063AB8882126274700A6568D /* Sources */,
				063AB8892126274700A6568D /* Frameworks */,
				063AB88A2126274700A6568D /* Resources */,
			);
			buildRules = (
			);
			dependencies = (
			);
			name = Cats;
			productName = Cats;
			productReference = 063AB88C2126274700A6568D /* Cats.app */;
			productType = "com.apple.product-type.application";
		};
		063AB8A32126274700A6568D /* CatsTests */ = {
			isa = PBXNativeTarget;
			buildConfigurationList = 063AB8BB2126274700A6568D /* Build configuration list for PBXNativeTarget "CatsTests" */;
			buildPhases = (
				063AB8A02126274700A6568D /* Sources */,
				063AB8A12126274700A6568D /* Frameworks */,
				063AB8A22126274700A6568D /* Resources */,
			);
			buildRules = (
			);
			dependencies = (
				063AB8A62126274700A6568D /* PBXTargetDependency */,
			);
			name = CatsTests;
			productName = CatsTests;
			productReference = 063AB8A42126274700A6568D /* CatsTests.xctest */;
			productType = "com.apple.product-type.bundle.unit-test";
		};
		063AB8AE2126274700A6568D /* CatsUITests */ = {
			isa = PBXNativeTarget;
			buildConfigurationList = 063AB8BE2126274700A6568D /* Build configuration list for PBXNativeTarget "CatsUITests" */;
			buildPhases = (
				063AB8AB2126274700A6568D /* Sources */,
				063AB8AC2126274700A6568D /* Frameworks */,
				063AB8AD2126274700A6568D /* Resources */,
			);
			buildRules = (
			);
			dependencies = (
				063AB8B12126274700A6568D /* PBXTargetDependency */,
			);
			name = CatsUITests;
			productName = CatsUITests;
			productReference = 063AB8AF2126274700A6568D /* CatsUITests.xctest */;
			productType = "com.apple.product-type.bundle.ui-testing";
		};
/* End PBXNativeTarget section */

/* Begin PBXProject section */
		063AB8842126274700A6568D /* Project object */ = {
			isa = PBXProject;
			attributes = {
				LastUpgradeCheck = 0940;
				ORGANIZATIONNAME = NICE;
				TargetAttributes = {
					063AB88B2126274700A6568D = {
						CreatedOnToolsVersion = 9.4.1;
					};
					063AB8A32126274700A6568D = {
						CreatedOnToolsVersion = 9.4.1;
						TestTargetID = 063AB88B2126274700A6568D;
					};
					063AB8AE2126274700A6568D = {
						CreatedOnToolsVersion = 9.4.1;
						TestTargetID = 063AB88B2126274700A6568D;
					};
				};
			};
			buildConfigurationList = 063AB8872126274700A6568D /* Build configuration list for PBXProject "Cats" */;
			compatibilityVersion = "Xcode 9.3";
			developmentRegion = en;
			hasScannedForEncodings = 0;
			knownRegions = (
				en,
				Base,
			);
			mainGroup = 063AB8832126274700A6568D;
			productRefGroup = 063AB88D2126274700A6568D /* Products */;
			projectDirPath = "";
			projectRoot = "";
			targets = (
				063AB88B2126274700A6568D /* Cats */,
				063AB8A32126274700A6568D /* CatsTests */,
				063AB8AE2126274700A6568D /* CatsUITests */,
			);
		};
/* End PBXProject section */

/* Begin PBXResourcesBuildPhase section */
		063AB88A2126274700A6568D /* Resources */ = {
			isa = PBXResourcesBuildPhase;
			buildActionMask = 2147483647;
			files = (
				063AB89C2126274700A6568D /* LaunchScreen.storyboard in Resources */,
				063AB8992126274700A6568D /* Assets.xcassets in Resources */,
				063AB8972126274700A6568D /* Main.storyboard in Resources */,
			);
			runOnlyForDeploymentPostprocessing = 0;
		};
		063AB8A22126274700A6568D /* Resources */ = {
			isa = PBXResourcesBuildPhase;
			buildActionMask = 2147483647;
			files = (
			);
			runOnlyForDeploymentPostprocessing = 0;
		};
		063AB8AD2126274700A6568D /* Resources */ = {
			isa = PBXResourcesBuildPhase;
			buildActionMask = 2147483647;
			files = (
			);
			runOnlyForDeploymentPostprocessing = 0;
		};
/* End PBXResourcesBuildPhase section */

/* Begin PBXSourcesBuildPhase section */
		063AB8882126274700A6568D /* Sources */ = {
			isa = PBXSourcesBuildPhase;
			buildActionMask = 2147483647;
			files = (
				063AB8942126274700A6568D /* ViewController.m in Sources */,
				063AB8CC21262DC900A6568D /* NetworkManager.m in Sources */,
				063AB89F2126274700A6568D /* main.m in Sources */,
				063AB8C32126282100A6568D /* CollectionViewCell.m in Sources */,
				063AB8C62126289B00A6568D /* Photo.m in Sources */,
				063AB8912126274700A6568D /* AppDelegate.m in Sources */,
			);
			runOnlyForDeploymentPostprocessing = 0;
		};
		063AB8A02126274700A6568D /* Sources */ = {
			isa = PBXSourcesBuildPhase;
			buildActionMask = 2147483647;
			files = (
				063AB8A92126274700A6568D /* CatsTests.m in Sources */,
			);
			runOnlyForDeploymentPostprocessing = 0;
		};
		063AB8AB2126274700A6568D /* Sources */ = {
			isa = PBXSourcesBuildPhase;
			buildActionMask = 2147483647;
			files = (
				063AB8B42126274700A6568D /* CatsUITests.m in Sources */,
			);
			runOnlyForDeploymentPostprocessing = 0;
		};
/* End PBXSourcesBuildPhase section */

/* Begin PBXTargetDependency section */
		063AB8A62126274700A6568D /* PBXTargetDependency */ = {
			isa = PBXTargetDependency;
			target = 063AB88B2126274700A6568D /* Cats */;
			targetProxy = 063AB8A52126274700A6568D /* PBXContainerItemProxy */;
		};
		063AB8B12126274700A6568D /* PBXTargetDependency */ = {
			isa = PBXTargetDependency;
			target = 063AB88B2126274700A6568D /* Cats */;
			targetProxy = 063AB8B02126274700A6568D /* PBXContainerItemProxy */;
		};
/* End PBXTargetDependency section */

/* Begin PBXVariantGroup section */
		063AB8952126274700A6568D /* Main.storyboard */ = {
			isa = PBXVariantGroup;
			children = (
				063AB8962126274700A6568D /* Base */,
			);
			name = Main.storyboard;
			sourceTree = "<group>";
		};
		063AB89A2126274700A6568D /* LaunchScreen.storyboard */ = {
			isa = PBXVariantGroup;
			children = (
				063AB89B2126274700A6568D /* Base */,
			);
			name = LaunchScreen.storyboard;
			sourceTree = "<group>";
		};
/* End PBXVariantGroup section */

/* Begin XCBuildConfiguration section */
		063AB8B62126274700A6568D /* Debug */ = {
			isa = XCBuildConfiguration;
			buildSettings = {
				ALWAYS_SEARCH_USER_PATHS = NO;
				CLANG_ANALYZER_NONNULL = YES;
				CLANG_ANALYZER_NUMBER_OBJECT_CONVERSION = YES_AGGRESSIVE;
				CLANG_CXX_LANGUAGE_STANDARD = "gnu++14";
				CLANG_CXX_LIBRARY = "libc++";
				CLANG_ENABLE_MODULES = YES;
				CLANG_ENABLE_OBJC_ARC = YES;
				CLANG_ENABLE_OBJC_WEAK = YES;
				CLANG_WARN_BLOCK_CAPTURE_AUTORELEASING = YES;
				CLANG_WARN_BOOL_CONVERSION = YES;
				CLANG_WARN_COMMA = YES;
				CLANG_WARN_CONSTANT_CONVERSION = YES;
				CLANG_WARN_DEPRECATED_OBJC_IMPLEMENTATIONS = YES;
				CLANG_WARN_DIRECT_OBJC_ISA_USAGE = YES_ERROR;
				CLANG_WARN_DOCUMENTATION_COMMENTS = YES;
				CLANG_WARN_EMPTY_BODY = YES;
				CLANG_WARN_ENUM_CONVERSION = YES;
				CLANG_WARN_INFINITE_RECURSION = YES;
				CLANG_WARN_INT_CONVERSION = YES;
				CLANG_WARN_NON_LITERAL_NULL_CONVERSION = YES;
				CLANG_WARN_OBJC_IMPLICIT_RETAIN_SELF = YES;
				CLANG_WARN_OBJC_LITERAL_CONVERSION = YES;
				CLANG_WARN_OBJC_ROOT_CLASS = YES_ERROR;
				CLANG_WARN_RANGE_LOOP_ANALYSIS = YES;
				CLANG_WARN_STRICT_PROTOTYPES = YES;
				CLANG_WARN_SUSPICIOUS_MOVE = YES;
				CLANG_WARN_UNGUARDED_AVAILABILITY = YES_AGGRESSIVE;
				CLANG_WARN_UNREACHABLE_CODE = YES;
				CLANG_WARN__DUPLICATE_METHOD_MATCH = YES;
				CODE_SIGN_IDENTITY = "iPhone Developer";
				COPY_PHASE_STRIP = NO;
				DEBUG_INFORMATION_FORMAT = dwarf;
				ENABLE_STRICT_OBJC_MSGSEND = YES;
				ENABLE_TESTABILITY = YES;
				GCC_C_LANGUAGE_STANDARD = gnu11;
				GCC_DYNAMIC_NO_PIC = NO;
				GCC_NO_COMMON_BLOCKS = YES;
				GCC_OPTIMIZATION_LEVEL = 0;
				GCC_PREPROCESSOR_DEFINITIONS = (
					"DEBUG=1",
					"$(inherited)",
				);
				GCC_WARN_64_TO_32_BIT_CONVERSION = YES;
				GCC_WARN_ABOUT_RETURN_TYPE = YES_ERROR;
				GCC_WARN_UNDECLARED_SELECTOR = YES;
				GCC_WARN_UNINITIALIZED_AUTOS = YES_AGGRESSIVE;
				GCC_WARN_UNUSED_FUNCTION = YES;
				GCC_WARN_UNUSED_VARIABLE = YES;
				IPHONEOS_DEPLOYMENT_TARGET = 11.4;
				MTL_ENABLE_DEBUG_INFO = YES;
				ONLY_ACTIVE_ARCH = YES;
				SDKROOT = iphoneos;
			};
			name = Debug;
		};
		063AB8B72126274700A6568D /* Release */ = {
			isa = XCBuildConfiguration;
			buildSettings = {
				ALWAYS_SEARCH_USER_PATHS = NO;
				CLANG_ANALYZER_NONNULL = YES;
				CLANG_ANALYZER_NUMBER_OBJECT_CONVERSION = YES_AGGRESSIVE;
				CLANG_CXX_LANGUAGE_STANDARD = "gnu++14";
				CLANG_CXX_LIBRARY = "libc++";
				CLANG_ENABLE_MODULES = YES;
				CLANG_ENABLE_OBJC_ARC = YES;
				CLANG_ENABLE_OBJC_WEAK = YES;
				CLANG_WARN_BLOCK_CAPTURE_AUTORELEASING = YES;
				CLANG_WARN_BOOL_CONVERSION = YES;
				CLANG_WARN_COMMA = YES;
				CLANG_WARN_CONSTANT_CONVERSION = YES;
				CLANG_WARN_DEPRECATED_OBJC_IMPLEMENTATIONS = YES;
				CLANG_WARN_DIRECT_OBJC_ISA_USAGE = YES_ERROR;
				CLANG_WARN_DOCUMENTATION_COMMENTS = YES;
				CLANG_WARN_EMPTY_BODY = YES;
				CLANG_WARN_ENUM_CONVERSION = YES;
				CLANG_WARN_INFINITE_RECURSION = YES;
				CLANG_WARN_INT_CONVERSION = YES;
				CLANG_WARN_NON_LITERAL_NULL_CONVERSION = YES;
				CLANG_WARN_OBJC_IMPLICIT_RETAIN_SELF = YES;
				CLANG_WARN_OBJC_LITERAL_CONVERSION = YES;
				CLANG_WARN_OBJC_ROOT_CLASS = YES_ERROR;
				CLANG_WARN_RANGE_LOOP_ANALYSIS = YES;
				CLANG_WARN_STRICT_PROTOTYPES = YES;
				CLANG_WARN_SUSPICIOUS_MOVE = YES;
				CLANG_WARN_UNGUARDED_AVAILABILITY = YES_AGGRESSIVE;
				CLANG_WARN_UNREACHABLE_CODE = YES;
				CLANG_WARN__DUPLICATE_METHOD_MATCH = YES;
				CODE_SIGN_IDENTITY = "iPhone Developer";
				COPY_PHASE_STRIP = NO;
				DEBUG_INFORMATION_FORMAT = "dwarf-with-dsym";
				ENABLE_NS_ASSERTIONS = NO;
				ENABLE_STRICT_OBJC_MSGSEND = YES;
				GCC_C_LANGUAGE_STANDARD = gnu11;
				GCC_NO_COMMON_BLOCKS = YES;
				GCC_WARN_64_TO_32_BIT_CONVERSION = YES;
				GCC_WARN_ABOUT_RETURN_TYPE = YES_ERROR;
				GCC_WARN_UNDECLARED_SELECTOR = YES;
				GCC_WARN_UNINITIALIZED_AUTOS = YES_AGGRESSIVE;
				GCC_WARN_UNUSED_FUNCTION = YES;
				GCC_WARN_UNUSED_VARIABLE = YES;
				IPHONEOS_DEPLOYMENT_TARGET = 11.4;
				MTL_ENABLE_DEBUG_INFO = NO;
				SDKROOT = iphoneos;
				VALIDATE_PRODUCT = YES;
			};
			name = Release;
		};
		063AB8B92126274700A6568D /* Debug */ = {
			isa = XCBuildConfiguration;
			buildSettings = {
				ASSETCATALOG_COMPILER_APPICON_NAME = AppIcon;
				CODE_SIGN_STYLE = Automatic;
				INFOPLIST_FILE = Cats/Info.plist;
				LD_RUNPATH_SEARCH_PATHS = (
					"$(inherited)",
					"@executable_path/Frameworks",
				);
				PRODUCT_BUNDLE_IDENTIFIER = nice.Cats;
				PRODUCT_NAME = "$(TARGET_NAME)";
				TARGETED_DEVICE_FAMILY = "1,2";
			};
			name = Debug;
		};
		063AB8BA2126274700A6568D /* Release */ = {
			isa = XCBuildConfiguration;
			buildSettings = {
				ASSETCATALOG_COMPILER_APPICON_NAME = AppIcon;
				CODE_SIGN_STYLE = Automatic;
				INFOPLIST_FILE = Cats/Info.plist;
				LD_RUNPATH_SEARCH_PATHS = (
					"$(inherited)",
					"@executable_path/Frameworks",
				);
				PRODUCT_BUNDLE_IDENTIFIER = nice.Cats;
				PRODUCT_NAME = "$(TARGET_NAME)";
				TARGETED_DEVICE_FAMILY = "1,2";
			};
			name = Release;
		};
		063AB8BC2126274700A6568D /* Debug */ = {
			isa = XCBuildConfiguration;
			buildSettings = {
				BUNDLE_LOADER = "$(TEST_HOST)";
				CODE_SIGN_STYLE = Automatic;
				INFOPLIST_FILE = CatsTests/Info.plist;
				LD_RUNPATH_SEARCH_PATHS = (
					"$(inherited)",
					"@executable_path/Frameworks",
					"@loader_path/Frameworks",
				);
				PRODUCT_BUNDLE_IDENTIFIER = nice.CatsTests;
				PRODUCT_NAME = "$(TARGET_NAME)";
				TARGETED_DEVICE_FAMILY = "1,2";
				TEST_HOST = "$(BUILT_PRODUCTS_DIR)/Cats.app/Cats";
			};
			name = Debug;
		};
		063AB8BD2126274700A6568D /* Release */ = {
			isa = XCBuildConfiguration;
			buildSettings = {
				BUNDLE_LOADER = "$(TEST_HOST)";
				CODE_SIGN_STYLE = Automatic;
				INFOPLIST_FILE = CatsTests/Info.plist;
				LD_RUNPATH_SEARCH_PATHS = (
					"$(inherited)",
					"@executable_path/Frameworks",
					"@loader_path/Frameworks",
				);
				PRODUCT_BUNDLE_IDENTIFIER = nice.CatsTests;
				PRODUCT_NAME = "$(TARGET_NAME)";
				TARGETED_DEVICE_FAMILY = "1,2";
				TEST_HOST = "$(BUILT_PRODUCTS_DIR)/Cats.app/Cats";
			};
			name = Release;
		};
		063AB8BF2126274700A6568D /* Debug */ = {
			isa = XCBuildConfiguration;
			buildSettings = {
				CODE_SIGN_STYLE = Automatic;
				INFOPLIST_FILE = CatsUITests/Info.plist;
				LD_RUNPATH_SEARCH_PATHS = (
					"$(inherited)",
					"@executable_path/Frameworks",
					"@loader_path/Frameworks",
				);
				PRODUCT_BUNDLE_IDENTIFIER = nice.CatsUITests;
				PRODUCT_NAME = "$(TARGET_NAME)";
				TARGETED_DEVICE_FAMILY = "1,2";
				TEST_TARGET_NAME = Cats;
			};
			name = Debug;
		};
		063AB8C02126274700A6568D /* Release */ = {
			isa = XCBuildConfiguration;
			buildSettings = {
				CODE_SIGN_STYLE = Automatic;
				INFOPLIST_FILE = CatsUITests/Info.plist;
				LD_RUNPATH_SEARCH_PATHS = (
					"$(inherited)",
					"@executable_path/Frameworks",
					"@loader_path/Frameworks",
				);
				PRODUCT_BUNDLE_IDENTIFIER = nice.CatsUITests;
				PRODUCT_NAME = "$(TARGET_NAME)";
				TARGETED_DEVICE_FAMILY = "1,2";
				TEST_TARGET_NAME = Cats;
			};
			name = Release;
		};
/* End XCBuildConfiguration section */

/* Begin XCConfigurationList section */
		063AB8872126274700A6568D /* Build configuration list for PBXProject "Cats" */ = {
			isa = XCConfigurationList;
			buildConfigurations = (
				063AB8B62126274700A6568D /* Debug */,
				063AB8B72126274700A6568D /* Release */,
			);
			defaultConfigurationIsVisible = 0;
			defaultConfigurationName = Release;
		};
		063AB8B82126274700A6568D /* Build configuration list for PBXNativeTarget "Cats" */ = {
			isa = XCConfigurationList;
			buildConfigurations = (
				063AB8B92126274700A6568D /* Debug */,
				063AB8BA2126274700A6568D /* Release */,
			);
			defaultConfigurationIsVisible = 0;
			defaultConfigurationName = Release;
		};
		063AB8BB2126274700A6568D /* Build configuration list for PBXNativeTarget "CatsTests" */ = {
			isa = XCConfigurationList;
			buildConfigurations = (
				063AB8BC2126274700A6568D /* Debug */,
				063AB8BD2126274700A6568D /* Release */,
			);
			defaultConfigurationIsVisible = 0;
			defaultConfigurationName = Release;
		};
		063AB8BE2126274700A6568D /* Build configuration list for PBXNativeTarget "CatsUITests" */ = {
			isa = XCConfigurationList;
			buildConfigurations = (
				063AB8BF2126274700A6568D /* Debug */,
				063AB8C02126274700A6568D /* Release */,
			);
			defaultConfigurationIsVisible = 0;
			defaultConfigurationName = Release;
		};
/* End XCConfigurationList section */
	};
	rootObject = 063AB8842126274700A6568D /* Project object */;
}
